
Microsoft Visual Studio Solution File, Format Version 12.00
# Visual Studio Version 17
VisualStudioVersion = 17.1.32421.90
MinimumVisualStudioVersion = 10.0.40219.1
Project("{FAE04EC0-301F-11D3-BF4B-00C04F79EFBC}") = "WebAppFxData", "WebAppFxData\WebAppFxData.csproj", "{957EC1AB-5ED3-4931-9743-532C999E6004}"
EndProject
Project("{FAE04EC0-301F-11D3-BF4B-00C04F79EFBC}") = "WebAppFxMvc", "WebAppFxMvc\WebAppFxMvc.csproj", "{7B1A8E21-F3EB-4CA4-A0C8-0DBF896AC523}"
EndProject
Global
	GlobalSection(SolutionConfigurationPlatforms) = preSolution
		Debug|Any CPU = Debug|Any CPU
		Release|Any CPU = Release|Any CPU
	EndGlobalSection
	GlobalSection(ProjectConfigurationPlatforms) = postSolution
		{957EC1AB-5ED3-4931-9743-532C999E6004}.Debug|Any CPU.ActiveCfg = Debug|Any CPU
		{957EC1AB-5ED3-4931-9743-532C999E6004}.Debug|Any CPU.Build.0 = Debug|Any CPU
		{957EC1AB-5ED3-4931-9743-532C999E6004}.Release|Any CPU.ActiveCfg = Release|Any CPU
		{957EC1AB-5ED3-4931-9743-532C999E6004}.Release|Any CPU.Build.0 = Release|Any CPU
		{7B1A8E21-F3EB-4CA4-A0C8-0DBF896AC523}.Debug|Any CPU.ActiveCfg = Debug|Any CPU
		{7B1A8E21-F3EB-4CA4-A0C8-0DBF896AC523}.Debug|Any CPU.Build.0 = Debug|Any CPU
		{7B1A8E21-F3EB-4CA4-A0C8-0DBF896AC523}.Release|Any CPU.ActiveCfg = Release|Any CPU
		{7B1A8E21-F3EB-4CA4-A0C8-0DBF896AC523}.Release|Any CPU.Build.0 = Release|Any CPU
	EndGlobalSection
	GlobalSection(SolutionProperties) = preSolution
		HideSolutionNode = FALSE
	EndGlobalSection
	GlobalSection(ExtensibilityGlobals) = postSolution
		SolutionGuid = {7A06F8C2-18F6-431A-B70B-B293EE7DC93D}
	EndGlobalSection
EndGlobal
